# Generated by pub
# See https://dart.dev/tools/pub/glossary#lockfile
packages:
  archive:
    dependency: transitive
    description:
      name: archive
      url: "https://pub.flutter-io.cn"
    source: hosted
    version: "2.0.11"
  args:
    dependency: transitive
    description:
      name: args
      url: "https://pub.flutter-io.cn"
    source: hosted
    version: "1.5.2"
  async:
    dependency: transitive
    description:
      name: async
      url: "https://pub.flutter-io.cn"
    source: hosted
    version: "2.4.0"
  audioplayers:
    dependency: "direct main"
    description:
      name: audioplayers
      url: "https://pub.flutter-io.cn"
    source: hosted
    version: "0.14.2"
  azlistview:
    dependency: "direct main"
    description:
      name: azlistview
      url: "https://pub.flutter-io.cn"
    source: hosted
    version: "0.1.2"
  boolean_selector:
    dependency: transitive
    description:
      name: boolean_selector
      url: "https://pub.flutter-io.cn"
    source: hosted
    version: "1.0.5"
  charcode:
    dependency: transitive
    description:
      name: charcode
      url: "https://pub.flutter-io.cn"
    source: hosted
    version: "1.1.2"
  chewie:
    dependency: "direct main"
    description:
      name: chewie
      url: "https://pub.flutter-io.cn"
    source: hosted
    version: "0.9.10"
  collection:
    dependency: transitive
    description:
      name: collection
      url: "https://pub.flutter-io.cn"
    source: hosted
    version: "1.14.11"
  convert:
    dependency: transitive
    description:
      name: convert
      url: "https://pub.flutter-io.cn"
    source: hosted
    version: "2.1.1"
  cookie_jar:
    dependency: transitive
    description:
      name: cookie_jar
      url: "https://pub.flutter-io.cn"
    source: hosted
    version: "1.0.1"
  crypto:
    dependency: transitive
    description:
      name: crypto
      url: "https://pub.flutter-io.cn"
    source: hosted
    version: "2.1.3"
  cupertino_icons:
    dependency: "direct main"
    description:
      name: cupertino_icons
      url: "https://pub.flutter-io.cn"
    source: hosted
    version: "0.1.3"
  dio:
    dependency: "direct dev"
    description:
      name: dio
      url: "https://pub.flutter-io.cn"
    source: hosted
    version: "2.1.0"
  event_bus:
    dependency: "direct dev"
    description:
      name: event_bus
      url: "https://pub.flutter-io.cn"
    source: hosted
    version: "1.1.1"
  extended_nested_scroll_view:
    dependency: "direct main"
    description:
      name: extended_nested_scroll_view
      url: "https://pub.flutter-io.cn"
    source: hosted
    version: "0.4.0"
  extended_text_field:
    dependency: "direct main"
    description:
      name: extended_text_field
      url: "https://pub.flutter-io.cn"
    source: hosted
    version: "0.5.0"
  extended_text_library:
    dependency: transitive
    description:
      name: extended_text_library
      url: "https://pub.flutter-io.cn"
    source: hosted
    version: "0.5.3"
  file:
    dependency: "direct main"
    description:
      name: file
      url: "https://pub.flutter-io.cn"
    source: hosted
    version: "5.1.0"
  fluro:
    dependency: "direct dev"
    description:
      name: fluro
      url: "https://pub.flutter-io.cn"
    source: hosted
    version: "1.6.3"
  flutter:
    dependency: "direct main"
    description: flutter
    source: sdk
    version: "0.0.0"
  flutter_easyrefresh:
    dependency: "direct dev"
    description:
      name: flutter_easyrefresh
      url: "https://pub.flutter-io.cn"
    source: hosted
    version: "2.1.1"
  flutter_page_indicator:
    dependency: "direct main"
    description:
      name: flutter_page_indicator
      url: "https://pub.flutter-io.cn"
    source: hosted
    version: "0.0.3"
  flutter_plugin_android_lifecycle:
    dependency: transitive
    description:
      name: flutter_plugin_android_lifecycle
      url: "https://pub.flutter-io.cn"
    source: hosted
    version: "1.0.6"
  flutter_record_plugin:
    dependency: "direct dev"
    description:
      path: "."
      ref: ca5a0f3821616d38842dde4a6588a1ce9ad5673d
      resolved-ref: ca5a0f3821616d38842dde4a6588a1ce9ad5673d
      url: "https://github.com/huangruiLearn/flutter_record_plugin.git"
    source: git
    version: "0.0.1"
  flutter_screenutil:
    dependency: "direct dev"
    description:
      name: flutter_screenutil
      url: "https://pub.flutter-io.cn"
    source: hosted
    version: "0.5.3"
  flutter_spinkit:
    dependency: "direct dev"
    description:
      name: flutter_spinkit
      url: "https://pub.flutter-io.cn"
    source: hosted
    version: "4.1.2+1"
  flutter_swiper:
    dependency: "direct main"
    description:
      name: flutter_swiper
      url: "https://pub.flutter-io.cn"
    source: hosted
    version: "1.1.6"
  flutter_test:
    dependency: "direct dev"
    description: flutter
    source: sdk
    version: "0.0.0"
  flutter_web_plugins:
    dependency: transitive
    description: flutter
    source: sdk
    version: "0.0.0"
  fluttertoast:
    dependency: "direct dev"
    description:
      name: fluttertoast
      url: "https://pub.flutter-io.cn"
    source: hosted
    version: "3.1.3"
  image:
    dependency: transitive
    description:
      name: image
      url: "https://pub.flutter-io.cn"
    source: hosted
    version: "2.1.4"
  image_picker:
    dependency: "direct dev"
    description:
      name: image_picker
      url: "https://pub.flutter-io.cn"
    source: hosted
    version: "0.6.5"
  intl:
    dependency: transitive
    description:
      name: intl
      url: "https://pub.flutter-io.cn"
    source: hosted
    version: "0.16.1"
  keyboard_visibility:
    dependency: "direct dev"
    description:
      name: keyboard_visibility
      url: "https://pub.flutter-io.cn"
    source: hosted
    version: "0.5.6"
  lpinyin:
    dependency: "direct main"
    description:
      name: lpinyin
      url: "https://pub.flutter-io.cn"
    source: hosted
    version: "1.0.9"
  matcher:
    dependency: transitive
    description:
      name: matcher
      url: "https://pub.flutter-io.cn"
    source: hosted
    version: "0.12.6"
  meta:
    dependency: transitive
    description:
      name: meta
      url: "https://pub.flutter-io.cn"
    source: hosted
    version: "1.1.8"
  open_iconic_flutter:
    dependency: transitive
    description:
      name: open_iconic_flutter
      url: "https://pub.flutter-io.cn"
    source: hosted
    version: "0.3.0"
  path:
    dependency: transitive
    description:
      name: path
      url: "https://pub.flutter-io.cn"
    source: hosted
    version: "1.6.4"
  path_provider:
    dependency: "direct main"
    description:
      name: path_provider
      url: "https://pub.flutter-io.cn"
    source: hosted
    version: "1.6.5"
  path_provider_macos:
    dependency: transitive
    description:
      name: path_provider_macos
      url: "https://pub.flutter-io.cn"
    source: hosted
    version: "0.0.4"
  path_provider_platform_interface:
    dependency: transitive
    description:
      name: path_provider_platform_interface
      url: "https://pub.flutter-io.cn"
    source: hosted
    version: "1.0.1"
  pedantic:
    dependency: transitive
    description:
      name: pedantic
      url: "https://pub.flutter-io.cn"
    source: hosted
    version: "1.8.0+1"
  permission_handler:
    dependency: "direct dev"
    description:
      name: permission_handler
      url: "https://pub.flutter-io.cn"
    source: hosted
    version: "3.3.0"
  petitparser:
    dependency: transitive
    description:
      name: petitparser
      url: "https://pub.flutter-io.cn"
    source: hosted
    version: "2.4.0"
  platform:
    dependency: transitive
    description:
      name: platform
      url: "https://pub.flutter-io.cn"
    source: hosted
    version: "2.2.1"
  plugin_platform_interface:
    dependency: transitive
    description:
      name: plugin_platform_interface
      url: "https://pub.flutter-io.cn"
    source: hosted
    version: "1.0.2"
  pull_to_refresh:
    dependency: "direct dev"
    description:
      name: pull_to_refresh
      url: "https://pub.flutter-io.cn"
    source: hosted
    version: "1.5.8"
  quiver:
    dependency: transitive
    description:
      name: quiver
      url: "https://pub.flutter-io.cn"
    source: hosted
    version: "2.0.5"
  shared_preferences:
    dependency: "direct dev"
    description:
      name: shared_preferences
      url: "https://pub.flutter-io.cn"
    source: hosted
    version: "0.5.6+3"
  shared_preferences_macos:
    dependency: transitive
    description:
      name: shared_preferences_macos
      url: "https://pub.flutter-io.cn"
    source: hosted
    version: "0.0.1+6"
  shared_preferences_platform_interface:
    dependency: transitive
    description:
      name: shared_preferences_platform_interface
      url: "https://pub.flutter-io.cn"
    source: hosted
    version: "1.0.3"
  shared_preferences_web:
    dependency: transitive
    description:
      name: shared_preferences_web
      url: "https://pub.flutter-io.cn"
    source: hosted
    version: "0.1.2+4"
  sky_engine:
    dependency: transitive
    description: flutter
    source: sdk
    version: "0.0.99"
  source_span:
    dependency: transitive
    description:
      name: source_span
      url: "https://pub.flutter-io.cn"
    source: hosted
    version: "1.5.5"
  stack_trace:
    dependency: transitive
    description:
      name: stack_trace
      url: "https://pub.flutter-io.cn"
    source: hosted
    version: "1.9.3"
  stream_channel:
    dependency: transitive
    description:
      name: stream_channel
      url: "https://pub.flutter-io.cn"
    source: hosted
    version: "2.0.0"
  string_scanner:
    dependency: transitive
    description:
      name: string_scanner
      url: "https://pub.flutter-io.cn"
    source: hosted
    version: "1.0.5"
  synchronized:
    dependency: "direct dev"
    description:
      name: synchronized
      url: "https://pub.flutter-io.cn"
    source: hosted
    version: "2.2.0"
  term_glyph:
    dependency: transitive
    description:
      name: term_glyph
      url: "https://pub.flutter-io.cn"
    source: hosted
    version: "1.1.0"
  test_api:
    dependency: transitive
    description:
      name: test_api
      url: "https://pub.flutter-io.cn"
    source: hosted
    version: "0.2.11"
  transformer_page_view:
    dependency: transitive
    description:
      name: transformer_page_view
      url: "https://pub.flutter-io.cn"
    source: hosted
    version: "0.1.6"
  typed_data:
    dependency: transitive
    description:
      name: typed_data
      url: "https://pub.flutter-io.cn"
    source: hosted
    version: "1.1.6"
  url_launcher:
    dependency: "direct main"
    description:
      name: url_launcher
      url: "https://pub.flutter-io.cn"
    source: hosted
    version: "5.3.0"
  url_launcher_platform_interface:
    dependency: transitive
    description:
      name: url_launcher_platform_interface
      url: "https://pub.flutter-io.cn"
    source: hosted
    version: "1.0.6"
  url_launcher_web:
    dependency: transitive
    description:
      name: url_launcher_web
      url: "https://pub.flutter-io.cn"
    source: hosted
    version: "0.1.1+1"
  uuid:
    dependency: "direct dev"
    description:
      name: uuid
      url: "https://pub.flutter-io.cn"
    source: hosted
    version: "2.0.4"
  vector_math:
    dependency: transitive
    description:
      name: vector_math
      url: "https://pub.flutter-io.cn"
    source: hosted
    version: "2.0.8"
  video_player:
    dependency: "direct main"
    description:
      name: video_player
      url: "https://pub.flutter-io.cn"
    source: hosted
    version: "0.10.8+1"
  video_player_platform_interface:
    dependency: transitive
    description:
      name: video_player_platform_interface
      url: "https://pub.flutter-io.cn"
    source: hosted
    version: "1.0.5"
  video_player_web:
    dependency: transitive
    description:
      name: video_player_web
      url: "https://pub.flutter-io.cn"
    source: hosted
    version: "0.1.2+1"
  wakelock:
    dependency: transitive
    description:
      name: wakelock
      url: "https://pub.flutter-io.cn"
    source: hosted
    version: "0.1.4+1"
  xml:
    dependency: transitive
    description:
      name: xml
      url: "https://pub.flutter-io.cn"
    source: hosted
    version: "3.5.0"
sdks:
  dart: ">=2.7.0 <3.0.0"
  flutter: ">=1.12.13+hotfix.4 <2.0.0"
